# This file is automatically @generated by Cargo.
# It is not intended for manual editing.
[[package]]
name = "cfg-if"
version = "1.0.0"
source = "registry+https://github.com/rust-lang/crates.io-index"
checksum = "baf1de4339761588bc0619e3cbc0120ee582ebb74b53b4efbf79117bd2da40fd"

[[package]]
name = "fastrand"
version = "1.7.0"
source = "registry+https://github.com/rust-lang/crates.io-index"
checksum = "c3fcf0cee53519c866c09b5de1f6c56ff9d647101f81c1964fa632e148896cdf"
dependencies = [
 "instant",
]

[[package]]
name = "hurlencoding"
version = "0.1.0"
dependencies = [
 "random-string",
 "urlencoding",
]

[[package]]
name = "instant"
version = "0.1.12"
source = "registry+https://github.com/rust-lang/crates.io-index"
checksum = "7a5bbe824c507c5da5956355e86a746d82e0e1464f65d862cc5e71da70e94b2c"
dependencies = [
 "cfg-if",
]

[[package]]
name = "random-string"
version = "1.0.0"
source = "registry+https://github.com/rust-lang/crates.io-index"
checksum = "cf4e63111ec5292d8af9c220f06fe3bb87991cc78b6f1f7e291d1ae6b8a60817"
dependencies = [
 "fastrand",
]

[[package]]
name = "urlencoding"
version = "2.1.0"
source = "registry+https://github.com/rust-lang/crates.io-index"
checksum = "68b90931029ab9b034b300b797048cf23723400aa757e8a2bfb9d748102f9821"
